// !$*UTF8*$!
{
	archiveVersion = 1;
	classes = {
	};
	objectVersion = 50;
	objects = {

/* Begin PBXBuildFile section */
		D719D91B2615C249000E26BE /* CircleImage.swift in Sources */ = {isa = PBXBuildFile; fileRef = D719D91A2615C249000E26BE /* CircleImage.swift */; };
		D719D91F26160B2A000E26BE /* MapView.swift in Sources */ = {isa = PBXBuildFile; fileRef = D719D91E26160B2A000E26BE /* MapView.swift */; };
		D71F57C8268B187B00009CD4 /* PageViewController.swift in Sources */ = {isa = PBXBuildFile; fileRef = D71F57C7268B187B00009CD4 /* PageViewController.swift */; };
		D71F57CA268B1D7400009CD4 /* FeatureCard.swift in Sources */ = {isa = PBXBuildFile; fileRef = D71F57C9268B1D7400009CD4 /* FeatureCard.swift */; };
		D71F57CC268B27AB00009CD4 /* PageView.swift in Sources */ = {isa = PBXBuildFile; fileRef = D71F57CB268B27AB00009CD4 /* PageView.swift */; };
		D73D944926140DB800A8B343 /* LandmarksApp.swift in Sources */ = {isa = PBXBuildFile; fileRef = D73D944826140DB800A8B343 /* LandmarksApp.swift */; };
		D73D944B26140DB800A8B343 /* ContentView.swift in Sources */ = {isa = PBXBuildFile; fileRef = D73D944A26140DB800A8B343 /* ContentView.swift */; };
		D73D944D26140DBD00A8B343 /* Assets.xcassets in Resources */ = {isa = PBXBuildFile; fileRef = D73D944C26140DBD00A8B343 /* Assets.xcassets */; };
		D73D945026140DBD00A8B343 /* Preview Assets.xcassets in Resources */ = {isa = PBXBuildFile; fileRef = D73D944F26140DBD00A8B343 /* Preview Assets.xcassets */; };
		D75DC32326884F58003B942B /* CategoryHome.swift in Sources */ = {isa = PBXBuildFile; fileRef = D75DC32226884F58003B942B /* CategoryHome.swift */; };
		D75DC325268851D2003B942B /* CategoryRow.swift in Sources */ = {isa = PBXBuildFile; fileRef = D75DC324268851D2003B942B /* CategoryRow.swift */; };
		D75DC327268853A3003B942B /* CategoryItem.swift in Sources */ = {isa = PBXBuildFile; fileRef = D75DC326268853A3003B942B /* CategoryItem.swift */; };
		D75DC34D26896DA7003B942B /* Profile.swift in Sources */ = {isa = PBXBuildFile; fileRef = D75DC34C26896DA7003B942B /* Profile.swift */; };
		D75DC34F26896E31003B942B /* ProfileHost.swift in Sources */ = {isa = PBXBuildFile; fileRef = D75DC34E26896E31003B942B /* ProfileHost.swift */; };
		D75DC35126896EDD003B942B /* ProfileSummary.swift in Sources */ = {isa = PBXBuildFile; fileRef = D75DC35026896EDD003B942B /* ProfileSummary.swift */; };
		D75DC3532689702C003B942B /* HikeBadge.swift in Sources */ = {isa = PBXBuildFile; fileRef = D75DC3522689702C003B942B /* HikeBadge.swift */; };
		D75DC3552689796F003B942B /* ProfileEditor.swift in Sources */ = {isa = PBXBuildFile; fileRef = D75DC3542689796F003B942B /* ProfileEditor.swift */; };
		D762F1FD2686D3A700F53314 /* hikeData.json in Resources */ = {isa = PBXBuildFile; fileRef = D762F1FC2686D3A700F53314 /* hikeData.json */; };
		D762F1FF2686D3EF00F53314 /* Hike.swift in Sources */ = {isa = PBXBuildFile; fileRef = D762F1FE2686D3EF00F53314 /* Hike.swift */; };
		D762F2052686D5B000F53314 /* GraphCapsule.swift in Sources */ = {isa = PBXBuildFile; fileRef = D762F2012686D5B000F53314 /* GraphCapsule.swift */; };
		D762F2062686D5B000F53314 /* HikeGraph.swift in Sources */ = {isa = PBXBuildFile; fileRef = D762F2022686D5B000F53314 /* HikeGraph.swift */; };
		D762F2072686D5B000F53314 /* HikeDetail.swift in Sources */ = {isa = PBXBuildFile; fileRef = D762F2032686D5B000F53314 /* HikeDetail.swift */; };
		D762F2082686D5B000F53314 /* HikeView.swift in Sources */ = {isa = PBXBuildFile; fileRef = D762F2042686D5B000F53314 /* HikeView.swift */; };
		D775EE212682D31800A8B443 /* FavoriteButton.swift in Sources */ = {isa = PBXBuildFile; fileRef = D775EE202682D31800A8B443 /* FavoriteButton.swift */; };
		D7B652642685805D00AA4AD3 /* HexagonParameters.swift in Sources */ = {isa = PBXBuildFile; fileRef = D7B652632685805D00AA4AD3 /* HexagonParameters.swift */; };
		D7B65266268582A200AA4AD3 /* BadgeBackground.swift in Sources */ = {isa = PBXBuildFile; fileRef = D7B65265268582A200AA4AD3 /* BadgeBackground.swift */; };
		D7B652682685886500AA4AD3 /* BadgeSymbol.swift in Sources */ = {isa = PBXBuildFile; fileRef = D7B652672685886500AA4AD3 /* BadgeSymbol.swift */; };
		D7B6526A26858AB600AA4AD3 /* RotatedBadgeSymbol.swift in Sources */ = {isa = PBXBuildFile; fileRef = D7B6526926858AB600AA4AD3 /* RotatedBadgeSymbol.swift */; };
		D7B6526C26858BDD00AA4AD3 /* Badge.swift in Sources */ = {isa = PBXBuildFile; fileRef = D7B6526B26858BDD00AA4AD3 /* Badge.swift */; };
		D7BA7D16268185EE009A2098 /* landmarkData.json in Resources */ = {isa = PBXBuildFile; fileRef = D7BA7D15268185ED009A2098 /* landmarkData.json */; };
		D7BA7D1826818624009A2098 /* Landmark.swift in Sources */ = {isa = PBXBuildFile; fileRef = D7BA7D1726818624009A2098 /* Landmark.swift */; };
		D7BA7D1A268187A6009A2098 /* ModelData.swift in Sources */ = {isa = PBXBuildFile; fileRef = D7BA7D19268187A6009A2098 /* ModelData.swift */; };
		D7BA7D1F26818942009A2098 /* LandmarkRow.swift in Sources */ = {isa = PBXBuildFile; fileRef = D7BA7D1E26818942009A2098 /* LandmarkRow.swift */; };
		D7BA7D2126818AF1009A2098 /* LandmarkList.swift in Sources */ = {isa = PBXBuildFile; fileRef = D7BA7D2026818AF1009A2098 /* LandmarkList.swift */; };
		D7BA7D2326818C38009A2098 /* LandmarkDetail.swift in Sources */ = {isa = PBXBuildFile; fileRef = D7BA7D2226818C38009A2098 /* LandmarkDetail.swift */; };
		D7DD188A268DDD8000B9E882 /* PageControl.swift in Sources */ = {isa = PBXBuildFile; fileRef = D7DD1889268DDD8000B9E882 /* PageControl.swift */; };
/* End PBXBuildFile section */

/* Begin PBXFileReference section */
		D719D91A2615C249000E26BE /* CircleImage.swift */ = {isa = PBXFileReference; lastKnownFileType = sourcecode.swift; path = CircleImage.swift; sourceTree = "<group>"; };
		D719D91E26160B2A000E26BE /* MapView.swift */ = {isa = PBXFileReference; lastKnownFileType = sourcecode.swift; path = MapView.swift; sourceTree = "<group>"; };
		D71F57C7268B187B00009CD4 /* PageViewController.swift */ = {isa = PBXFileReference; lastKnownFileType = sourcecode.swift; path = PageViewController.swift; sourceTree = "<group>"; };
		D71F57C9268B1D7400009CD4 /* FeatureCard.swift */ = {isa = PBXFileReference; lastKnownFileType = sourcecode.swift; path = FeatureCard.swift; sourceTree = "<group>"; };
		D71F57CB268B27AB00009CD4 /* PageView.swift */ = {isa = PBXFileReference; lastKnownFileType = sourcecode.swift; path = PageView.swift; sourceTree = "<group>"; };
		D73D944526140DB800A8B343 /* Landmarks.app */ = {isa = PBXFileReference; explicitFileType = wrapper.application; includeInIndex = 0; path = Landmarks.app; sourceTree = BUILT_PRODUCTS_DIR; };
		D73D944826140DB800A8B343 /* LandmarksApp.swift */ = {isa = PBXFileReference; lastKnownFileType = sourcecode.swift; path = LandmarksApp.swift; sourceTree = "<group>"; };
		D73D944A26140DB800A8B343 /* ContentView.swift */ = {isa = PBXFileReference; lastKnownFileType = sourcecode.swift; path = ContentView.swift; sourceTree = "<group>"; };
		D73D944C26140DBD00A8B343 /* Assets.xcassets */ = {isa = PBXFileReference; lastKnownFileType = folder.assetcatalog; path = Assets.xcassets; sourceTree = "<group>"; };
		D73D944F26140DBD00A8B343 /* Preview Assets.xcassets */ = {isa = PBXFileReference; lastKnownFileType = folder.assetcatalog; path = "Preview Assets.xcassets"; sourceTree = "<group>"; };
		D73D945126140DBD00A8B343 /* Info.plist */ = {isa = PBXFileReference; lastKnownFileType = text.plist.xml; path = Info.plist; sourceTree = "<group>"; };
		D75DC32226884F58003B942B /* CategoryHome.swift */ = {isa = PBXFileReference; lastKnownFileType = sourcecode.swift; path = CategoryHome.swift; sourceTree = "<group>"; };
		D75DC324268851D2003B942B /* CategoryRow.swift */ = {isa = PBXFileReference; lastKnownFileType = sourcecode.swift; path = CategoryRow.swift; sourceTree = "<group>"; };
		D75DC326268853A3003B942B /* CategoryItem.swift */ = {isa = PBXFileReference; lastKnownFileType = sourcecode.swift; path = CategoryItem.swift; sourceTree = "<group>"; };
		D75DC34C26896DA7003B942B /* Profile.swift */ = {isa = PBXFileReference; lastKnownFileType = sourcecode.swift; name = Profile.swift; path = Landmarks/Views/Profile.swift; sourceTree = SOURCE_ROOT; };
		D75DC34E26896E31003B942B /* ProfileHost.swift */ = {isa = PBXFileReference; lastKnownFileType = sourcecode.swift; path = ProfileHost.swift; sourceTree = "<group>"; };
		D75DC35026896EDD003B942B /* ProfileSummary.swift */ = {isa = PBXFileReference; lastKnownFileType = sourcecode.swift; path = ProfileSummary.swift; sourceTree = "<group>"; };
		D75DC3522689702C003B942B /* HikeBadge.swift */ = {isa = PBXFileReference; lastKnownFileType = sourcecode.swift; path = HikeBadge.swift; sourceTree = "<group>"; };
		D75DC3542689796F003B942B /* ProfileEditor.swift */ = {isa = PBXFileReference; lastKnownFileType = sourcecode.swift; path = ProfileEditor.swift; sourceTree = "<group>"; };
		D762F1FC2686D3A700F53314 /* hikeData.json */ = {isa = PBXFileReference; fileEncoding = 4; lastKnownFileType = text.json; path = hikeData.json; sourceTree = "<group>"; };
		D762F1FE2686D3EF00F53314 /* Hike.swift */ = {isa = PBXFileReference; lastKnownFileType = sourcecode.swift; path = Hike.swift; sourceTree = "<group>"; };
		D762F2012686D5B000F53314 /* GraphCapsule.swift */ = {isa = PBXFileReference; fileEncoding = 4; lastKnownFileType = sourcecode.swift; path = GraphCapsule.swift; sourceTree = "<group>"; };
		D762F2022686D5B000F53314 /* HikeGraph.swift */ = {isa = PBXFileReference; fileEncoding = 4; lastKnownFileType = sourcecode.swift; path = HikeGraph.swift; sourceTree = "<group>"; };
		D762F2032686D5B000F53314 /* HikeDetail.swift */ = {isa = PBXFileReference; fileEncoding = 4; lastKnownFileType = sourcecode.swift; path = HikeDetail.swift; sourceTree = "<group>"; };
		D762F2042686D5B000F53314 /* HikeView.swift */ = {isa = PBXFileReference; fileEncoding = 4; lastKnownFileType = sourcecode.swift; path = HikeView.swift; sourceTree = "<group>"; };
		D775EE202682D31800A8B443 /* FavoriteButton.swift */ = {isa = PBXFileReference; lastKnownFileType = sourcecode.swift; path = FavoriteButton.swift; sourceTree = "<group>"; };
		D7B652632685805D00AA4AD3 /* HexagonParameters.swift */ = {isa = PBXFileReference; lastKnownFileType = sourcecode.swift; path = HexagonParameters.swift; sourceTree = "<group>"; };
		D7B65265268582A200AA4AD3 /* BadgeBackground.swift */ = {isa = PBXFileReference; lastKnownFileType = sourcecode.swift; path = BadgeBackground.swift; sourceTree = "<group>"; };
		D7B652672685886500AA4AD3 /* BadgeSymbol.swift */ = {isa = PBXFileReference; lastKnownFileType = sourcecode.swift; path = BadgeSymbol.swift; sourceTree = "<group>"; };
		D7B6526926858AB600AA4AD3 /* RotatedBadgeSymbol.swift */ = {isa = PBXFileReference; lastKnownFileType = sourcecode.swift; path = RotatedBadgeSymbol.swift; sourceTree = "<group>"; };
		D7B6526B26858BDD00AA4AD3 /* Badge.swift */ = {isa = PBXFileReference; lastKnownFileType = sourcecode.swift; path = Badge.swift; sourceTree = "<group>"; };
		D7BA7D15268185ED009A2098 /* landmarkData.json */ = {isa = PBXFileReference; fileEncoding = 4; lastKnownFileType = text.json; path = landmarkData.json; sourceTree = "<group>"; };
		D7BA7D1726818624009A2098 /* Landmark.swift */ = {isa = PBXFileReference; lastKnownFileType = sourcecode.swift; path = Landmark.swift; sourceTree = "<group>"; };
		D7BA7D19268187A6009A2098 /* ModelData.swift */ = {isa = PBXFileReference; lastKnownFileType = sourcecode.swift; path = ModelData.swift; sourceTree = "<group>"; };
		D7BA7D1E26818942009A2098 /* LandmarkRow.swift */ = {isa = PBXFileReference; lastKnownFileType = sourcecode.swift; path = LandmarkRow.swift; sourceTree = "<group>"; };
		D7BA7D2026818AF1009A2098 /* LandmarkList.swift */ = {isa = PBXFileReference; lastKnownFileType = sourcecode.swift; path = LandmarkList.swift; sourceTree = "<group>"; };
		D7BA7D2226818C38009A2098 /* LandmarkDetail.swift */ = {isa = PBXFileReference; lastKnownFileType = sourcecode.swift; path = LandmarkDetail.swift; sourceTree = "<group>"; };
		D7DD1889268DDD8000B9E882 /* PageControl.swift */ = {isa = PBXFileReference; lastKnownFileType = sourcecode.swift; path = PageControl.swift; sourceTree = "<group>"; };
/* End PBXFileReference section */

/* Begin PBXFrameworksBuildPhase section */
		D73D944226140DB800A8B343 /* Frameworks */ = {
			isa = PBXFrameworksBuildPhase;
			buildActionMask = 2147483647;
			files = (
			);
			runOnlyForDeploymentPostprocessing = 0;
		};
/* End PBXFrameworksBuildPhase section */

/* Begin PBXGroup section */
		D73D943C26140DB800A8B343 = {
			isa = PBXGroup;
			children = (
				D73D944726140DB800A8B343 /* Landmarks */,
				D73D944626140DB800A8B343 /* Products */,
			);
			sourceTree = "<group>";
		};
		D73D944626140DB800A8B343 /* Products */ = {
			isa = PBXGroup;
			children = (
				D73D944526140DB800A8B343 /* Landmarks.app */,
			);
			name = Products;
			sourceTree = "<group>";
		};
		D73D944726140DB800A8B343 /* Landmarks */ = {
			isa = PBXGroup;
			children = (
				D762F2002686D5B000F53314 /* Hikes */,
				D7BA7D1D268188E8009A2098 /* Resources */,
				D7BA7D1C268188DE009A2098 /* Model */,
				D7BA7D1B268188D8009A2098 /* Views */,
				D73D944826140DB800A8B343 /* LandmarksApp.swift */,
				D73D944C26140DBD00A8B343 /* Assets.xcassets */,
				D73D945126140DBD00A8B343 /* Info.plist */,
				D73D944E26140DBD00A8B343 /* Preview Content */,
			);
			path = Landmarks;
			sourceTree = "<group>";
		};
		D73D944E26140DBD00A8B343 /* Preview Content */ = {
			isa = PBXGroup;
			children = (
				D73D944F26140DBD00A8B343 /* Preview Assets.xcassets */,
			);
			path = "Preview Content";
			sourceTree = "<group>";
		};
		D762F2002686D5B000F53314 /* Hikes */ = {
			isa = PBXGroup;
			children = (
				D762F2012686D5B000F53314 /* GraphCapsule.swift */,
				D762F2022686D5B000F53314 /* HikeGraph.swift */,
				D762F2032686D5B000F53314 /* HikeDetail.swift */,
				D762F2042686D5B000F53314 /* HikeView.swift */,
			);
			path = Hikes;
			sourceTree = "<group>";
		};
		D775EE222682D3E400A8B443 /* Landmarks */ = {
			isa = PBXGroup;
			children = (
				D7BA7D1E26818942009A2098 /* LandmarkRow.swift */,
				D7BA7D2026818AF1009A2098 /* LandmarkList.swift */,
				D7BA7D2226818C38009A2098 /* LandmarkDetail.swift */,
			);
			path = Landmarks;
			sourceTree = "<group>";
		};
		D775EE232682D3ED00A8B443 /* Helpers */ = {
			isa = PBXGroup;
			children = (
				D775EE202682D31800A8B443 /* FavoriteButton.swift */,
				D719D91A2615C249000E26BE /* CircleImage.swift */,
				D719D91E26160B2A000E26BE /* MapView.swift */,
			);
			path = Helpers;
			sourceTree = "<group>";
		};
		D7B6526D26858E2F00AA4AD3 /* Badges */ = {
			isa = PBXGroup;
			children = (
				D7B652632685805D00AA4AD3 /* HexagonParameters.swift */,
				D7B65265268582A200AA4AD3 /* BadgeBackground.swift */,
				D7B652672685886500AA4AD3 /* BadgeSymbol.swift */,
				D7B6526926858AB600AA4AD3 /* RotatedBadgeSymbol.swift */,
				D7B6526B26858BDD00AA4AD3 /* Badge.swift */,
				D75DC3522689702C003B942B /* HikeBadge.swift */,
			);
			path = Badges;
			sourceTree = "<group>";
		};
		D7BA7D1B268188D8009A2098 /* Views */ = {
			isa = PBXGroup;
			children = (
				D7DD188C268DE86500B9E882 /* Profile */,
				D7DD188B268DE7D700B9E882 /* Category */,
				D7B6526D26858E2F00AA4AD3 /* Badges */,
				D775EE232682D3ED00A8B443 /* Helpers */,
				D775EE222682D3E400A8B443 /* Landmarks */,
				D73D944A26140DB800A8B343 /* ContentView.swift */,
			);
			path = Views;
			sourceTree = "<group>";
		};
		D7BA7D1C268188DE009A2098 /* Model */ = {
			isa = PBXGroup;
			children = (
				D75DC34C26896DA7003B942B /* Profile.swift */,
				D7BA7D1726818624009A2098 /* Landmark.swift */,
				D7BA7D19268187A6009A2098 /* ModelData.swift */,
				D762F1FE2686D3EF00F53314 /* Hike.swift */,
			);
			path = Model;
			sourceTree = "<group>";
		};
		D7BA7D1D268188E8009A2098 /* Resources */ = {
			isa = PBXGroup;
			children = (
				D762F1FC2686D3A700F53314 /* hikeData.json */,
				D7BA7D15268185ED009A2098 /* landmarkData.json */,
			);
			path = Resources;
			sourceTree = "<group>";
		};
		D7DD188B268DE7D700B9E882 /* Category */ = {
			isa = PBXGroup;
			children = (
				D71F57C7268B187B00009CD4 /* PageViewController.swift */,
				D71F57C9268B1D7400009CD4 /* FeatureCard.swift */,
				D71F57CB268B27AB00009CD4 /* PageView.swift */,
				D7DD1889268DDD8000B9E882 /* PageControl.swift */,
				D75DC32226884F58003B942B /* CategoryHome.swift */,
				D75DC324268851D2003B942B /* CategoryRow.swift */,
				D75DC326268853A3003B942B /* CategoryItem.swift */,
			);
			path = Category;
			sourceTree = "<group>";
		};
		D7DD188C268DE86500B9E882 /* Profile */ = {
			isa = PBXGroup;
			children = (
				D75DC34E26896E31003B942B /* ProfileHost.swift */,
				D75DC3542689796F003B942B /* ProfileEditor.swift */,
				D75DC35026896EDD003B942B /* ProfileSummary.swift */,
			);
			path = Profile;
			sourceTree = "<group>";
		};
/* End PBXGroup section */

/* Begin PBXNativeTarget section */
		D73D944426140DB800A8B343 /* Landmarks */ = {
			isa = PBXNativeTarget;
			buildConfigurationList = D73D945426140DBD00A8B343 /* Build configuration list for PBXNativeTarget "Landmarks" */;
			buildPhases = (
				D73D944126140DB800A8B343 /* Sources */,
				D73D944226140DB800A8B343 /* Frameworks */,
				D73D944326140DB800A8B343 /* Resources */,
			);
			buildRules = (
			);
			dependencies = (
			);
			name = Landmarks;
			productName = Landmarks;
			productReference = D73D944526140DB800A8B343 /* Landmarks.app */;
			productType = "com.apple.product-type.application";
		};
/* End PBXNativeTarget section */

/* Begin PBXProject section */
		D73D943D26140DB800A8B343 /* Project object */ = {
			isa = PBXProject;
			attributes = {
				LastSwiftUpdateCheck = 1220;
				LastUpgradeCheck = 1220;
				TargetAttributes = {
					D73D944426140DB800A8B343 = {
						CreatedOnToolsVersion = 12.2;
					};
				};
			};
			buildConfigurationList = D73D944026140DB800A8B343 /* Build configuration list for PBXProject "Landmarks" */;
			compatibilityVersion = "Xcode 9.3";
			developmentRegion = en;
			hasScannedForEncodings = 0;
			knownRegions = (
				en,
				Base,
			);
			mainGroup = D73D943C26140DB800A8B343;
			productRefGroup = D73D944626140DB800A8B343 /* Products */;
			projectDirPath = "";
			projectRoot = "";
			targets = (
				D73D944426140DB800A8B343 /* Landmarks */,
			);
		};
/* End PBXProject section */

/* Begin PBXResourcesBuildPhase section */
		D73D944326140DB800A8B343 /* Resources */ = {
			isa = PBXResourcesBuildPhase;
			buildActionMask = 2147483647;
			files = (
				D762F1FD2686D3A700F53314 /* hikeData.json in Resources */,
				D73D945026140DBD00A8B343 /* Preview Assets.xcassets in Resources */,
				D73D944D26140DBD00A8B343 /* Assets.xcassets in Resources */,
				D7BA7D16268185EE009A2098 /* landmarkData.json in Resources */,
			);
			runOnlyForDeploymentPostprocessing = 0;
		};
/* End PBXResourcesBuildPhase section */

/* Begin PBXSourcesBuildPhase section */
		D73D944126140DB800A8B343 /* Sources */ = {
			isa = PBXSourcesBuildPhase;
			buildActionMask = 2147483647;
			files = (
				D75DC325268851D2003B942B /* CategoryRow.swift in Sources */,
				D75DC34D26896DA7003B942B /* Profile.swift in Sources */,
				D719D91F26160B2A000E26BE /* MapView.swift in Sources */,
				D75DC32326884F58003B942B /* CategoryHome.swift in Sources */,
				D71F57CA268B1D7400009CD4 /* FeatureCard.swift in Sources */,
				D762F2062686D5B000F53314 /* HikeGraph.swift in Sources */,
				D7B6526C26858BDD00AA4AD3 /* Badge.swift in Sources */,
				D73D944B26140DB800A8B343 /* ContentView.swift in Sources */,
				D762F2052686D5B000F53314 /* GraphCapsule.swift in Sources */,
				D73D944926140DB800A8B343 /* LandmarksApp.swift in Sources */,
				D7DD188A268DDD8000B9E882 /* PageControl.swift in Sources */,
				D775EE212682D31800A8B443 /* FavoriteButton.swift in Sources */,
				D75DC327268853A3003B942B /* CategoryItem.swift in Sources */,
				D762F2072686D5B000F53314 /* HikeDetail.swift in Sources */,
				D75DC35126896EDD003B942B /* ProfileSummary.swift in Sources */,
				D7B652642685805D00AA4AD3 /* HexagonParameters.swift in Sources */,
				D75DC34F26896E31003B942B /* ProfileHost.swift in Sources */,
				D762F1FF2686D3EF00F53314 /* Hike.swift in Sources */,
				D7B6526A26858AB600AA4AD3 /* RotatedBadgeSymbol.swift in Sources */,
				D71F57CC268B27AB00009CD4 /* PageView.swift in Sources */,
				D7B652682685886500AA4AD3 /* BadgeSymbol.swift in Sources */,
				D75DC3552689796F003B942B /* ProfileEditor.swift in Sources */,
				D7BA7D2126818AF1009A2098 /* LandmarkList.swift in Sources */,
				D762F2082686D5B000F53314 /* HikeView.swift in Sources */,
				D7BA7D2326818C38009A2098 /* LandmarkDetail.swift in Sources */,
				D71F57C8268B187B00009CD4 /* PageViewController.swift in Sources */,
				D7B65266268582A200AA4AD3 /* BadgeBackground.swift in Sources */,
				D75DC3532689702C003B942B /* HikeBadge.swift in Sources */,
				D719D91B2615C249000E26BE /* CircleImage.swift in Sources */,
				D7BA7D1826818624009A2098 /* Landmark.swift in Sources */,
				D7BA7D1F26818942009A2098 /* LandmarkRow.swift in Sources */,
				D7BA7D1A268187A6009A2098 /* ModelData.swift in Sources */,
			);
			runOnlyForDeploymentPostprocessing = 0;
		};
/* End PBXSourcesBuildPhase section */

/* Begin XCBuildConfiguration section */
		D73D945226140DBD00A8B343 /* Debug */ = {
			isa = XCBuildConfiguration;
			buildSettings = {
				ALWAYS_SEARCH_USER_PATHS = NO;
				CLANG_ANALYZER_NONNULL = YES;
				CLANG_ANALYZER_NUMBER_OBJECT_CONVERSION = YES_AGGRESSIVE;
				CLANG_CXX_LANGUAGE_STANDARD = "gnu++14";
				CLANG_CXX_LIBRARY = "libc++";
				CLANG_ENABLE_MODULES = YES;
				CLANG_ENABLE_OBJC_ARC = YES;
				CLANG_ENABLE_OBJC_WEAK = YES;
				CLANG_WARN_BLOCK_CAPTURE_AUTORELEASING = YES;
				CLANG_WARN_BOOL_CONVERSION = YES;
				CLANG_WARN_COMMA = YES;
				CLANG_WARN_CONSTANT_CONVERSION = YES;
				CLANG_WARN_DEPRECATED_OBJC_IMPLEMENTATIONS = YES;
				CLANG_WARN_DIRECT_OBJC_ISA_USAGE = YES_ERROR;
				CLANG_WARN_DOCUMENTATION_COMMENTS = YES;
				CLANG_WARN_EMPTY_BODY = YES;
				CLANG_WARN_ENUM_CONVERSION = YES;
				CLANG_WARN_INFINITE_RECURSION = YES;
				CLANG_WARN_INT_CONVERSION = YES;
				CLANG_WARN_NON_LITERAL_NULL_CONVERSION = YES;
				CLANG_WARN_OBJC_IMPLICIT_RETAIN_SELF = YES;
				CLANG_WARN_OBJC_LITERAL_CONVERSION = YES;
				CLANG_WARN_OBJC_ROOT_CLASS = YES_ERROR;
				CLANG_WARN_QUOTED_INCLUDE_IN_FRAMEWORK_HEADER = YES;
				CLANG_WARN_RANGE_LOOP_ANALYSIS = YES;
				CLANG_WARN_STRICT_PROTOTYPES = YES;
				CLANG_WARN_SUSPICIOUS_MOVE = YES;
				CLANG_WARN_UNGUARDED_AVAILABILITY = YES_AGGRESSIVE;
				CLANG_WARN_UNREACHABLE_CODE = YES;
				CLANG_WARN__DUPLICATE_METHOD_MATCH = YES;
				COPY_PHASE_STRIP = NO;
				DEBUG_INFORMATION_FORMAT = dwarf;
				ENABLE_STRICT_OBJC_MSGSEND = YES;
				ENABLE_TESTABILITY = YES;
				GCC_C_LANGUAGE_STANDARD = gnu11;
				GCC_DYNAMIC_NO_PIC = NO;
				GCC_NO_COMMON_BLOCKS = YES;
				GCC_OPTIMIZATION_LEVEL = 0;
				GCC_PREPROCESSOR_DEFINITIONS = (
					"DEBUG=1",
					"$(inherited)",
				);
				GCC_WARN_64_TO_32_BIT_CONVERSION = YES;
				GCC_WARN_ABOUT_RETURN_TYPE = YES_ERROR;
				GCC_WARN_UNDECLARED_SELECTOR = YES;
				GCC_WARN_UNINITIALIZED_AUTOS = YES_AGGRESSIVE;
				GCC_WARN_UNUSED_FUNCTION = YES;
				GCC_WARN_UNUSED_VARIABLE = YES;
				IPHONEOS_DEPLOYMENT_TARGET = 14.2;
				MTL_ENABLE_DEBUG_INFO = INCLUDE_SOURCE;
				MTL_FAST_MATH = YES;
				ONLY_ACTIVE_ARCH = YES;
				SDKROOT = iphoneos;
				SWIFT_ACTIVE_COMPILATION_CONDITIONS = DEBUG;
				SWIFT_OPTIMIZATION_LEVEL = "-Onone";
			};
			name = Debug;
		};
		D73D945326140DBD00A8B343 /* Release */ = {
			isa = XCBuildConfiguration;
			buildSettings = {
				ALWAYS_SEARCH_USER_PATHS = NO;
				CLANG_ANALYZER_NONNULL = YES;
				CLANG_ANALYZER_NUMBER_OBJECT_CONVERSION = YES_AGGRESSIVE;
				CLANG_CXX_LANGUAGE_STANDARD = "gnu++14";
				CLANG_CXX_LIBRARY = "libc++";
				CLANG_ENABLE_MODULES = YES;
				CLANG_ENABLE_OBJC_ARC = YES;
				CLANG_ENABLE_OBJC_WEAK = YES;
				CLANG_WARN_BLOCK_CAPTURE_AUTORELEASING = YES;
				CLANG_WARN_BOOL_CONVERSION = YES;
				CLANG_WARN_COMMA = YES;
				CLANG_WARN_CONSTANT_CONVERSION = YES;
				CLANG_WARN_DEPRECATED_OBJC_IMPLEMENTATIONS = YES;
				CLANG_WARN_DIRECT_OBJC_ISA_USAGE = YES_ERROR;
				CLANG_WARN_DOCUMENTATION_COMMENTS = YES;
				CLANG_WARN_EMPTY_BODY = YES;
				CLANG_WARN_ENUM_CONVERSION = YES;
				CLANG_WARN_INFINITE_RECURSION = YES;
				CLANG_WARN_INT_CONVERSION = YES;
				CLANG_WARN_NON_LITERAL_NULL_CONVERSION = YES;
				CLANG_WARN_OBJC_IMPLICIT_RETAIN_SELF = YES;
				CLANG_WARN_OBJC_LITERAL_CONVERSION = YES;
				CLANG_WARN_OBJC_ROOT_CLASS = YES_ERROR;
				CLANG_WARN_QUOTED_INCLUDE_IN_FRAMEWORK_HEADER = YES;
				CLANG_WARN_RANGE_LOOP_ANALYSIS = YES;
				CLANG_WARN_STRICT_PROTOTYPES = YES;
				CLANG_WARN_SUSPICIOUS_MOVE = YES;
				CLANG_WARN_UNGUARDED_AVAILABILITY = YES_AGGRESSIVE;
				CLANG_WARN_UNREACHABLE_CODE = YES;
				CLANG_WARN__DUPLICATE_METHOD_MATCH = YES;
				COPY_PHASE_STRIP = NO;
				DEBUG_INFORMATION_FORMAT = "dwarf-with-dsym";
				ENABLE_NS_ASSERTIONS = NO;
				ENABLE_STRICT_OBJC_MSGSEND = YES;
				GCC_C_LANGUAGE_STANDARD = gnu11;
				GCC_NO_COMMON_BLOCKS = YES;
				GCC_WARN_64_TO_32_BIT_CONVERSION = YES;
				GCC_WARN_ABOUT_RETURN_TYPE = YES_ERROR;
				GCC_WARN_UNDECLARED_SELECTOR = YES;
				GCC_WARN_UNINITIALIZED_AUTOS = YES_AGGRESSIVE;
				GCC_WARN_UNUSED_FUNCTION = YES;
				GCC_WARN_UNUSED_VARIABLE = YES;
				IPHONEOS_DEPLOYMENT_TARGET = 14.2;
				MTL_ENABLE_DEBUG_INFO = NO;
				MTL_FAST_MATH = YES;
				SDKROOT = iphoneos;
				SWIFT_COMPILATION_MODE = wholemodule;
				SWIFT_OPTIMIZATION_LEVEL = "-O";
				VALIDATE_PRODUCT = YES;
			};
			name = Release;
		};
		D73D945526140DBD00A8B343 /* Debug */ = {
			isa = XCBuildConfiguration;
			buildSettings = {
				ASSETCATALOG_COMPILER_APPICON_NAME = AppIcon;
				ASSETCATALOG_COMPILER_GLOBAL_ACCENT_COLOR_NAME = AccentColor;
				CODE_SIGN_STYLE = Automatic;
				DEVELOPMENT_ASSET_PATHS = "\"Landmarks/Preview Content\"";
				ENABLE_PREVIEWS = YES;
				INFOPLIST_FILE = Landmarks/Info.plist;
				IPHONEOS_DEPLOYMENT_TARGET = 14.0;
				LD_RUNPATH_SEARCH_PATHS = (
					"$(inherited)",
					"@executable_path/Frameworks",
				);
				PRODUCT_BUNDLE_IDENTIFIER = "Kohei-Keta.Landmarks";
				PRODUCT_NAME = "$(TARGET_NAME)";
				SWIFT_VERSION = 5.0;
				TARGETED_DEVICE_FAMILY = "1,2";
			};
			name = Debug;
		};
		D73D945626140DBD00A8B343 /* Release */ = {
			isa = XCBuildConfiguration;
			buildSettings = {
				ASSETCATALOG_COMPILER_APPICON_NAME = AppIcon;
				ASSETCATALOG_COMPILER_GLOBAL_ACCENT_COLOR_NAME = AccentColor;
				CODE_SIGN_STYLE = Automatic;
				DEVELOPMENT_ASSET_PATHS = "\"Landmarks/Preview Content\"";
				ENABLE_PREVIEWS = YES;
				INFOPLIST_FILE = Landmarks/Info.plist;
				IPHONEOS_DEPLOYMENT_TARGET = 14.0;
				LD_RUNPATH_SEARCH_PATHS = (
					"$(inherited)",
					"@executable_path/Frameworks",
				);
				PRODUCT_BUNDLE_IDENTIFIER = "Kohei-Keta.Landmarks";
				PRODUCT_NAME = "$(TARGET_NAME)";
				SWIFT_VERSION = 5.0;
				TARGETED_DEVICE_FAMILY = "1,2";
			};
			name = Release;
		};
/* End XCBuildConfiguration section */

/* Begin XCConfigurationList section */
		D73D944026140DB800A8B343 /* Build configuration list for PBXProject "Landmarks" */ = {
			isa = XCConfigurationList;
			buildConfigurations = (
				D73D945226140DBD00A8B343 /* Debug */,
				D73D945326140DBD00A8B343 /* Release */,
			);
			defaultConfigurationIsVisible = 0;
			defaultConfigurationName = Release;
		};
		D73D945426140DBD00A8B343 /* Build configuration list for PBXNativeTarget "Landmarks" */ = {
			isa = XCConfigurationList;
			buildConfigurations = (
				D73D945526140DBD00A8B343 /* Debug */,
				D73D945626140DBD00A8B343 /* Release */,
			);
			defaultConfigurationIsVisible = 0;
			defaultConfigurationName = Release;
		};
/* End XCConfigurationList section */
	};
	rootObject = D73D943D26140DB800A8B343 /* Project object */;
}
